
Microsoft Visual Studio Solution File, Format Version 12.00
# Visual Studio Version 16
VisualStudioVersion = 16.0.29326.143
MinimumVisualStudioVersion = 10.0.40219.1
Project("{FAE04EC0-301F-11D3-BF4B-00C04F79EFBC}") = "BookReviewStation.Web", "BookReviewStation.Web\BookReviewStation.Web.csproj", "{809BBAC6-5F5F-4A91-A387-65293F77614A}"
EndProject
Project("{FAE04EC0-301F-11D3-BF4B-00C04F79EFBC}") = "BookReviewStation.Web.Tests", "BookReviewStation.Web.Tests\BookReviewStation.Web.Tests.csproj", "{9246774B-8715-4120-B444-F7AAD6EF094C}"
EndProject
Project("{FAE04EC0-301F-11D3-BF4B-00C04F79EFBC}") = "BookReviewStation.Models", "BookReviewStation.Models\BookReviewStation.Models.csproj", "{95E01ADD-3503-4C8F-822E-0929C084ED40}"
EndProject
Project("{FAE04EC0-301F-11D3-BF4B-00C04F79EFBC}") = "BookReviewStation.Abstract", "BookReviewStation.Abstract\BookReviewStation.Abstract.csproj", "{0C469638-821D-434C-80AA-613944C54EDF}"
EndProject
Project("{FAE04EC0-301F-11D3-BF4B-00C04F79EFBC}") = "BookReviewStation.Service", "BookReviewStation.Service\BookReviewStation.Service.csproj", "{D388DD61-7DE5-48F8-98B6-18E71F32EC37}"
EndProject
Global
	GlobalSection(SolutionConfigurationPlatforms) = preSolution
		Debug|Any CPU = Debug|Any CPU
		Release|Any CPU = Release|Any CPU
	EndGlobalSection
	GlobalSection(ProjectConfigurationPlatforms) = postSolution
		{809BBAC6-5F5F-4A91-A387-65293F77614A}.Debug|Any CPU.ActiveCfg = Debug|Any CPU
		{809BBAC6-5F5F-4A91-A387-65293F77614A}.Debug|Any CPU.Build.0 = Debug|Any CPU
		{809BBAC6-5F5F-4A91-A387-65293F77614A}.Release|Any CPU.ActiveCfg = Release|Any CPU
		{809BBAC6-5F5F-4A91-A387-65293F77614A}.Release|Any CPU.Build.0 = Release|Any CPU
		{9246774B-8715-4120-B444-F7AAD6EF094C}.Debug|Any CPU.ActiveCfg = Debug|Any CPU
		{9246774B-8715-4120-B444-F7AAD6EF094C}.Debug|Any CPU.Build.0 = Debug|Any CPU
		{9246774B-8715-4120-B444-F7AAD6EF094C}.Release|Any CPU.ActiveCfg = Release|Any CPU
		{9246774B-8715-4120-B444-F7AAD6EF094C}.Release|Any CPU.Build.0 = Release|Any CPU
		{95E01ADD-3503-4C8F-822E-0929C084ED40}.Debug|Any CPU.ActiveCfg = Debug|Any CPU
		{95E01ADD-3503-4C8F-822E-0929C084ED40}.Debug|Any CPU.Build.0 = Debug|Any CPU
		{95E01ADD-3503-4C8F-822E-0929C084ED40}.Release|Any CPU.ActiveCfg = Release|Any CPU
		{95E01ADD-3503-4C8F-822E-0929C084ED40}.Release|Any CPU.Build.0 = Release|Any CPU
		{0C469638-821D-434C-80AA-613944C54EDF}.Debug|Any CPU.ActiveCfg = Debug|Any CPU
		{0C469638-821D-434C-80AA-613944C54EDF}.Debug|Any CPU.Build.0 = Debug|Any CPU
		{0C469638-821D-434C-80AA-613944C54EDF}.Release|Any CPU.ActiveCfg = Release|Any CPU
		{0C469638-821D-434C-80AA-613944C54EDF}.Release|Any CPU.Build.0 = Release|Any CPU
		{D388DD61-7DE5-48F8-98B6-18E71F32EC37}.Debug|Any CPU.ActiveCfg = Debug|Any CPU
		{D388DD61-7DE5-48F8-98B6-18E71F32EC37}.Debug|Any CPU.Build.0 = Debug|Any CPU
		{D388DD61-7DE5-48F8-98B6-18E71F32EC37}.Release|Any CPU.ActiveCfg = Release|Any CPU
		{D388DD61-7DE5-48F8-98B6-18E71F32EC37}.Release|Any CPU.Build.0 = Release|Any CPU
	EndGlobalSection
	GlobalSection(SolutionProperties) = preSolution
		HideSolutionNode = FALSE
	EndGlobalSection
	GlobalSection(ExtensibilityGlobals) = postSolution
		SolutionGuid = {DD7C3AD4-31C2-40E7-8FE6-71264650827F}
	EndGlobalSection
EndGlobal
